
Microsoft Visual Studio Solution File, Format Version 12.00
# Visual Studio Version 17
VisualStudioVersion = 17.11.35222.181
MinimumVisualStudioVersion = 10.0.40219.1
Project("{FAE04EC0-301F-11D3-BF4B-00C04F79EFBC}") = "TagliatoreWebApp", "TagliatoreWebApp\TagliatoreWebApp.csproj", "{A57DA47C-C626-4BDA-B609-A5064DE72FDE}"
EndProject
Global
	GlobalSection(SolutionConfigurationPlatforms) = preSolution
		Debug|Any CPU = Debug|Any CPU
		Release|Any CPU = Release|Any CPU
	EndGlobalSection
	GlobalSection(ProjectConfigurationPlatforms) = postSolution
		{A57DA47C-C626-4BDA-B609-A5064DE72FDE}.Debug|Any CPU.ActiveCfg = Debug|Any CPU
		{A57DA47C-C626-4BDA-B609-A5064DE72FDE}.Debug|Any CPU.Build.0 = Debug|Any CPU
		{A57DA47C-C626-4BDA-B609-A5064DE72FDE}.Release|Any CPU.ActiveCfg = Release|Any CPU
		{A57DA47C-C626-4BDA-B609-A5064DE72FDE}.Release|Any CPU.Build.0 = Release|Any CPU
	EndGlobalSection
	GlobalSection(SolutionProperties) = preSolution
		HideSolutionNode = FALSE
	EndGlobalSection
	GlobalSection(ExtensibilityGlobals) = postSolution
		SolutionGuid = {6B116E33-71A0-42C1-B81E-F555FC15F005}
	EndGlobalSection
EndGlobal
